// !$*UTF8*$!
{
	archiveVersion = 1;
	classes = {
	};
	objectVersion = 51;
	objects = {

/* Begin PBXBuildFile section */
		3B0DFC0D2475CFE800A51962 /* AppDelegate.swift in Sources */ = {isa = PBXBuildFile; fileRef = 3B0DFC0C2475CFE800A51962 /* AppDelegate.swift */; };
		3B0DFC0F2475CFE800A51962 /* SceneDelegate.swift in Sources */ = {isa = PBXBuildFile; fileRef = 3B0DFC0E2475CFE800A51962 /* SceneDelegate.swift */; };
		3B0DFC142475CFE800A51962 /* Main.storyboard in Resources */ = {isa = PBXBuildFile; fileRef = 3B0DFC122475CFE800A51962 /* Main.storyboard */; };
		3B0DFC162475CFEF00A51962 /* Assets.xcassets in Resources */ = {isa = PBXBuildFile; fileRef = 3B0DFC152475CFEF00A51962 /* Assets.xcassets */; };
		3B0DFC192475CFEF00A51962 /* LaunchScreen.storyboard in Resources */ = {isa = PBXBuildFile; fileRef = 3B0DFC172475CFEF00A51962 /* LaunchScreen.storyboard */; };
		3B0DFC212475D0E000A51962 /* GoogleService-Info.plist in Resources */ = {isa = PBXBuildFile; fileRef = 3B0DFC202475D0E000A51962 /* GoogleService-Info.plist */; };
		3B3860512479A2F6008C777F /* StartViewController.swift in Sources */ = {isa = PBXBuildFile; fileRef = 3B3860502479A2F6008C777F /* StartViewController.swift */; };
		3B3860572479B5FA008C777F /* StartScene.swift in Sources */ = {isa = PBXBuildFile; fileRef = 3B3860562479B5FA008C777F /* StartScene.swift */; };
		3B3860602479C3DA008C777F /* school.mp3 in Resources */ = {isa = PBXBuildFile; fileRef = 3B38605F2479C3DA008C777F /* school.mp3 */; };
		552727637C1B5FC096606772 /* Pods_School.framework in Frameworks */ = {isa = PBXBuildFile; fileRef = 1291CE22DCFE307F4AC08BBE /* Pods_School.framework */; };
/* End PBXBuildFile section */

/* Begin PBXFileReference section */
		1291CE22DCFE307F4AC08BBE /* Pods_School.framework */ = {isa = PBXFileReference; explicitFileType = wrapper.framework; includeInIndex = 0; path = Pods_School.framework; sourceTree = BUILT_PRODUCTS_DIR; };
		2E91347CD74D10952F14A5DF /* Pods-School.debug.xcconfig */ = {isa = PBXFileReference; includeInIndex = 1; lastKnownFileType = text.xcconfig; name = "Pods-School.debug.xcconfig"; path = "Target Support Files/Pods-School/Pods-School.debug.xcconfig"; sourceTree = "<group>"; };
		3B0DFC092475CFE800A51962 /* School.app */ = {isa = PBXFileReference; explicitFileType = wrapper.application; includeInIndex = 0; path = School.app; sourceTree = BUILT_PRODUCTS_DIR; };
		3B0DFC0C2475CFE800A51962 /* AppDelegate.swift */ = {isa = PBXFileReference; lastKnownFileType = sourcecode.swift; path = AppDelegate.swift; sourceTree = "<group>"; };
		3B0DFC0E2475CFE800A51962 /* SceneDelegate.swift */ = {isa = PBXFileReference; lastKnownFileType = sourcecode.swift; path = SceneDelegate.swift; sourceTree = "<group>"; };
		3B0DFC132475CFE800A51962 /* Base */ = {isa = PBXFileReference; lastKnownFileType = file.storyboard; name = Base; path = Base.lproj/Main.storyboard; sourceTree = "<group>"; };
		3B0DFC152475CFEF00A51962 /* Assets.xcassets */ = {isa = PBXFileReference; lastKnownFileType = folder.assetcatalog; path = Assets.xcassets; sourceTree = "<group>"; };
		3B0DFC182475CFEF00A51962 /* Base */ = {isa = PBXFileReference; lastKnownFileType = file.storyboard; name = Base; path = Base.lproj/LaunchScreen.storyboard; sourceTree = "<group>"; };
		3B0DFC1A2475CFEF00A51962 /* Info.plist */ = {isa = PBXFileReference; lastKnownFileType = text.plist.xml; path = Info.plist; sourceTree = "<group>"; };
		3B0DFC202475D0E000A51962 /* GoogleService-Info.plist */ = {isa = PBXFileReference; fileEncoding = 4; lastKnownFileType = text.plist.xml; path = "GoogleService-Info.plist"; sourceTree = "<group>"; };
		3B3860502479A2F6008C777F /* StartViewController.swift */ = {isa = PBXFileReference; lastKnownFileType = sourcecode.swift; path = StartViewController.swift; sourceTree = "<group>"; };
		3B3860562479B5FA008C777F /* StartScene.swift */ = {isa = PBXFileReference; lastKnownFileType = sourcecode.swift; path = StartScene.swift; sourceTree = "<group>"; };
		3B38605F2479C3DA008C777F /* school.mp3 */ = {isa = PBXFileReference; lastKnownFileType = audio.mp3; path = school.mp3; sourceTree = "<group>"; };
		848732CE6D3C60780982C946 /* Pods-School.release.xcconfig */ = {isa = PBXFileReference; includeInIndex = 1; lastKnownFileType = text.xcconfig; name = "Pods-School.release.xcconfig"; path = "Target Support Files/Pods-School/Pods-School.release.xcconfig"; sourceTree = "<group>"; };
/* End PBXFileReference section */

/* Begin PBXFrameworksBuildPhase section */
		3B0DFC062475CFE800A51962 /* Frameworks */ = {
			isa = PBXFrameworksBuildPhase;
			buildActionMask = 2147483647;
			files = (
				552727637C1B5FC096606772 /* Pods_School.framework in Frameworks */,
			);
			runOnlyForDeploymentPostprocessing = 0;
		};
/* End PBXFrameworksBuildPhase section */

/* Begin PBXGroup section */
		23508E772A70D55CA00AC5B0 /* Frameworks */ = {
			isa = PBXGroup;
			children = (
				1291CE22DCFE307F4AC08BBE /* Pods_School.framework */,
			);
			name = Frameworks;
			sourceTree = "<group>";
		};
		3B0DFC002475CFE800A51962 = {
			isa = PBXGroup;
			children = (
				3B0DFC0B2475CFE800A51962 /* School */,
				3B0DFC0A2475CFE800A51962 /* Products */,
				C0E7572BF9D8AD56FCEA68DF /* Pods */,
				23508E772A70D55CA00AC5B0 /* Frameworks */,
			);
			sourceTree = "<group>";
		};
		3B0DFC0A2475CFE800A51962 /* Products */ = {
			isa = PBXGroup;
			children = (
				3B0DFC092475CFE800A51962 /* School.app */,
			);
			name = Products;
			sourceTree = "<group>";
		};
		3B0DFC0B2475CFE800A51962 /* School */ = {
			isa = PBXGroup;
			children = (
				3B0DFC0C2475CFE800A51962 /* AppDelegate.swift */,
				3B0DFC0E2475CFE800A51962 /* SceneDelegate.swift */,
				3B3860502479A2F6008C777F /* StartViewController.swift */,
				3B0DFC122475CFE800A51962 /* Main.storyboard */,
				3B3860582479B63A008C777F /* StartScene */,
				3B0DFC152475CFEF00A51962 /* Assets.xcassets */,
				3B0DFC172475CFEF00A51962 /* LaunchScreen.storyboard */,
				3B0DFC202475D0E000A51962 /* GoogleService-Info.plist */,
				3B0DFC1A2475CFEF00A51962 /* Info.plist */,
			);
			path = School;
			sourceTree = "<group>";
		};
		3B3860582479B63A008C777F /* StartScene */ = {
			isa = PBXGroup;
			children = (
				3B3860562479B5FA008C777F /* StartScene.swift */,
				3B38605F2479C3DA008C777F /* school.mp3 */,
			);
			path = StartScene;
			sourceTree = "<group>";
		};
		C0E7572BF9D8AD56FCEA68DF /* Pods */ = {
			isa = PBXGroup;
			children = (
				2E91347CD74D10952F14A5DF /* Pods-School.debug.xcconfig */,
				848732CE6D3C60780982C946 /* Pods-School.release.xcconfig */,
			);
			path = Pods;
			sourceTree = "<group>";
		};
/* End PBXGroup section */

/* Begin PBXNativeTarget section */
		3B0DFC082475CFE800A51962 /* School */ = {
			isa = PBXNativeTarget;
			buildConfigurationList = 3B0DFC1D2475CFEF00A51962 /* Build configuration list for PBXNativeTarget "School" */;
			buildPhases = (
				21AED0D1C3C61437CD6F344B /* [CP] Check Pods Manifest.lock */,
				3B0DFC052475CFE800A51962 /* Sources */,
				3B0DFC062475CFE800A51962 /* Frameworks */,
				3B0DFC072475CFE800A51962 /* Resources */,
				6B3BF648A0128AAD8E853ED6 /* [CP] Embed Pods Frameworks */,
			);
			buildRules = (
			);
			dependencies = (
			);
			name = School;
			productName = School;
			productReference = 3B0DFC092475CFE800A51962 /* School.app */;
			productType = "com.apple.product-type.application";
		};
/* End PBXNativeTarget section */

/* Begin PBXProject section */
		3B0DFC012475CFE800A51962 /* Project object */ = {
			isa = PBXProject;
			attributes = {
				LastSwiftUpdateCheck = 1150;
				LastUpgradeCheck = 1150;
				ORGANIZATIONNAME = "Jack Sp@rroW";
				TargetAttributes = {
					3B0DFC082475CFE800A51962 = {
						CreatedOnToolsVersion = 11.5;
					};
				};
			};
			buildConfigurationList = 3B0DFC042475CFE800A51962 /* Build configuration list for PBXProject "School" */;
			compatibilityVersion = "Xcode 9.3";
			developmentRegion = en;
			hasScannedForEncodings = 0;
			knownRegions = (
				en,
				Base,
			);
			mainGroup = 3B0DFC002475CFE800A51962;
			productRefGroup = 3B0DFC0A2475CFE800A51962 /* Products */;
			projectDirPath = "";
			projectRoot = "";
			targets = (
				3B0DFC082475CFE800A51962 /* School */,
			);
		};
/* End PBXProject section */

/* Begin PBXResourcesBuildPhase section */
		3B0DFC072475CFE800A51962 /* Resources */ = {
			isa = PBXResourcesBuildPhase;
			buildActionMask = 2147483647;
			files = (
				3B0DFC192475CFEF00A51962 /* LaunchScreen.storyboard in Resources */,
				3B0DFC212475D0E000A51962 /* GoogleService-Info.plist in Resources */,
				3B0DFC162475CFEF00A51962 /* Assets.xcassets in Resources */,
				3B3860602479C3DA008C777F /* school.mp3 in Resources */,
				3B0DFC142475CFE800A51962 /* Main.storyboard in Resources */,
			);
			runOnlyForDeploymentPostprocessing = 0;
		};
/* End PBXResourcesBuildPhase section */

/* Begin PBXShellScriptBuildPhase section */
		21AED0D1C3C61437CD6F344B /* [CP] Check Pods Manifest.lock */ = {
			isa = PBXShellScriptBuildPhase;
			buildActionMask = 2147483647;
			files = (
			);
			inputFileListPaths = (
			);
			inputPaths = (
				"${PODS_PODFILE_DIR_PATH}/Podfile.lock",
				"${PODS_ROOT}/Manifest.lock",
			);
			name = "[CP] Check Pods Manifest.lock";
			outputFileListPaths = (
			);
			outputPaths = (
				"$(DERIVED_FILE_DIR)/Pods-School-checkManifestLockResult.txt",
			);
			runOnlyForDeploymentPostprocessing = 0;
			shellPath = /bin/sh;
			shellScript = "diff \"${PODS_PODFILE_DIR_PATH}/Podfile.lock\" \"${PODS_ROOT}/Manifest.lock\" > /dev/null\nif [ $? != 0 ] ; then\n    # print error to STDERR\n    echo \"error: The sandbox is not in sync with the Podfile.lock. Run 'pod install' or update your CocoaPods installation.\" >&2\n    exit 1\nfi\n# This output is used by Xcode 'outputs' to avoid re-running this script phase.\necho \"SUCCESS\" > \"${SCRIPT_OUTPUT_FILE_0}\"\n";
			showEnvVarsInLog = 0;
		};
		6B3BF648A0128AAD8E853ED6 /* [CP] Embed Pods Frameworks */ = {
			isa = PBXShellScriptBuildPhase;
			buildActionMask = 2147483647;
			files = (
			);
			inputFileListPaths = (
				"${PODS_ROOT}/Target Support Files/Pods-School/Pods-School-frameworks-${CONFIGURATION}-input-files.xcfilelist",
			);
			name = "[CP] Embed Pods Frameworks";
			outputFileListPaths = (
				"${PODS_ROOT}/Target Support Files/Pods-School/Pods-School-frameworks-${CONFIGURATION}-output-files.xcfilelist",
			);
			runOnlyForDeploymentPostprocessing = 0;
			shellPath = /bin/sh;
			shellScript = "\"${PODS_ROOT}/Target Support Files/Pods-School/Pods-School-frameworks.sh\"\n";
			showEnvVarsInLog = 0;
		};
/* End PBXShellScriptBuildPhase section */

/* Begin PBXSourcesBuildPhase section */
		3B0DFC052475CFE800A51962 /* Sources */ = {
			isa = PBXSourcesBuildPhase;
			buildActionMask = 2147483647;
			files = (
				3B0DFC0D2475CFE800A51962 /* AppDelegate.swift in Sources */,
				3B0DFC0F2475CFE800A51962 /* SceneDelegate.swift in Sources */,
				3B3860512479A2F6008C777F /* StartViewController.swift in Sources */,
				3B3860572479B5FA008C777F /* StartScene.swift in Sources */,
			);
			runOnlyForDeploymentPostprocessing = 0;
		};
/* End PBXSourcesBuildPhase section */

/* Begin PBXVariantGroup section */
		3B0DFC122475CFE800A51962 /* Main.storyboard */ = {
			isa = PBXVariantGroup;
			children = (
				3B0DFC132475CFE800A51962 /* Base */,
			);
			name = Main.storyboard;
			sourceTree = "<group>";
		};
		3B0DFC172475CFEF00A51962 /* LaunchScreen.storyboard */ = {
			isa = PBXVariantGroup;
			children = (
				3B0DFC182475CFEF00A51962 /* Base */,
			);
			name = LaunchScreen.storyboard;
			sourceTree = "<group>";
		};
/* End PBXVariantGroup section */

/* Begin XCBuildConfiguration section */
		3B0DFC1B2475CFEF00A51962 /* Debug */ = {
			isa = XCBuildConfiguration;
			buildSettings = {
				ALWAYS_SEARCH_USER_PATHS = NO;
				CLANG_ANALYZER_NONNULL = YES;
				CLANG_ANALYZER_NUMBER_OBJECT_CONVERSION = YES_AGGRESSIVE;
				CLANG_CXX_LANGUAGE_STANDARD = "gnu++14";
				CLANG_CXX_LIBRARY = "libc++";
				CLANG_ENABLE_MODULES = YES;
				CLANG_ENABLE_OBJC_ARC = YES;
				CLANG_ENABLE_OBJC_WEAK = YES;
				CLANG_WARN_BLOCK_CAPTURE_AUTORELEASING = YES;
				CLANG_WARN_BOOL_CONVERSION = YES;
				CLANG_WARN_COMMA = YES;
				CLANG_WARN_CONSTANT_CONVERSION = YES;
				CLANG_WARN_DEPRECATED_OBJC_IMPLEMENTATIONS = YES;
				CLANG_WARN_DIRECT_OBJC_ISA_USAGE = YES_ERROR;
				CLANG_WARN_DOCUMENTATION_COMMENTS = YES;
				CLANG_WARN_EMPTY_BODY = YES;
				CLANG_WARN_ENUM_CONVERSION = YES;
				CLANG_WARN_INFINITE_RECURSION = YES;
				CLANG_WARN_INT_CONVERSION = YES;
				CLANG_WARN_NON_LITERAL_NULL_CONVERSION = YES;
				CLANG_WARN_OBJC_IMPLICIT_RETAIN_SELF = YES;
				CLANG_WARN_OBJC_LITERAL_CONVERSION = YES;
				CLANG_WARN_OBJC_ROOT_CLASS = YES_ERROR;
				CLANG_WARN_RANGE_LOOP_ANALYSIS = YES;
				CLANG_WARN_STRICT_PROTOTYPES = YES;
				CLANG_WARN_SUSPICIOUS_MOVE = YES;
				CLANG_WARN_UNGUARDED_AVAILABILITY = YES_AGGRESSIVE;
				CLANG_WARN_UNREACHABLE_CODE = YES;
				CLANG_WARN__DUPLICATE_METHOD_MATCH = YES;
				COPY_PHASE_STRIP = NO;
				DEBUG_INFORMATION_FORMAT = dwarf;
				ENABLE_STRICT_OBJC_MSGSEND = YES;
				ENABLE_TESTABILITY = YES;
				GCC_C_LANGUAGE_STANDARD = gnu11;
				GCC_DYNAMIC_NO_PIC = NO;
				GCC_NO_COMMON_BLOCKS = YES;
				GCC_OPTIMIZATION_LEVEL = 0;
				GCC_PREPROCESSOR_DEFINITIONS = (
					"DEBUG=1",
					"$(inherited)",
				);
				GCC_WARN_64_TO_32_BIT_CONVERSION = YES;
				GCC_WARN_ABOUT_RETURN_TYPE = YES_ERROR;
				GCC_WARN_UNDECLARED_SELECTOR = YES;
				GCC_WARN_UNINITIALIZED_AUTOS = YES_AGGRESSIVE;
				GCC_WARN_UNUSED_FUNCTION = YES;
				GCC_WARN_UNUSED_VARIABLE = YES;
				IPHONEOS_DEPLOYMENT_TARGET = 13.5;
				MTL_ENABLE_DEBUG_INFO = INCLUDE_SOURCE;
				MTL_FAST_MATH = YES;
				ONLY_ACTIVE_ARCH = YES;
				SDKROOT = iphoneos;
				SWIFT_ACTIVE_COMPILATION_CONDITIONS = DEBUG;
				SWIFT_OPTIMIZATION_LEVEL = "-Onone";
			};
			name = Debug;
		};
		3B0DFC1C2475CFEF00A51962 /* Release */ = {
			isa = XCBuildConfiguration;
			buildSettings = {
				ALWAYS_SEARCH_USER_PATHS = NO;
				CLANG_ANALYZER_NONNULL = YES;
				CLANG_ANALYZER_NUMBER_OBJECT_CONVERSION = YES_AGGRESSIVE;
				CLANG_CXX_LANGUAGE_STANDARD = "gnu++14";
				CLANG_CXX_LIBRARY = "libc++";
				CLANG_ENABLE_MODULES = YES;
				CLANG_ENABLE_OBJC_ARC = YES;
				CLANG_ENABLE_OBJC_WEAK = YES;
				CLANG_WARN_BLOCK_CAPTURE_AUTORELEASING = YES;
				CLANG_WARN_BOOL_CONVERSION = YES;
				CLANG_WARN_COMMA = YES;
				CLANG_WARN_CONSTANT_CONVERSION = YES;
				CLANG_WARN_DEPRECATED_OBJC_IMPLEMENTATIONS = YES;
				CLANG_WARN_DIRECT_OBJC_ISA_USAGE = YES_ERROR;
				CLANG_WARN_DOCUMENTATION_COMMENTS = YES;
				CLANG_WARN_EMPTY_BODY = YES;
				CLANG_WARN_ENUM_CONVERSION = YES;
				CLANG_WARN_INFINITE_RECURSION = YES;
				CLANG_WARN_INT_CONVERSION = YES;
				CLANG_WARN_NON_LITERAL_NULL_CONVERSION = YES;
				CLANG_WARN_OBJC_IMPLICIT_RETAIN_SELF = YES;
				CLANG_WARN_OBJC_LITERAL_CONVERSION = YES;
				CLANG_WARN_OBJC_ROOT_CLASS = YES_ERROR;
				CLANG_WARN_RANGE_LOOP_ANALYSIS = YES;
				CLANG_WARN_STRICT_PROTOTYPES = YES;
				CLANG_WARN_SUSPICIOUS_MOVE = YES;
				CLANG_WARN_UNGUARDED_AVAILABILITY = YES_AGGRESSIVE;
				CLANG_WARN_UNREACHABLE_CODE = YES;
				CLANG_WARN__DUPLICATE_METHOD_MATCH = YES;
				COPY_PHASE_STRIP = NO;
				DEBUG_INFORMATION_FORMAT = "dwarf-with-dsym";
				ENABLE_NS_ASSERTIONS = NO;
				ENABLE_STRICT_OBJC_MSGSEND = YES;
				GCC_C_LANGUAGE_STANDARD = gnu11;
				GCC_NO_COMMON_BLOCKS = YES;
				GCC_WARN_64_TO_32_BIT_CONVERSION = YES;
				GCC_WARN_ABOUT_RETURN_TYPE = YES_ERROR;
				GCC_WARN_UNDECLARED_SELECTOR = YES;
				GCC_WARN_UNINITIALIZED_AUTOS = YES_AGGRESSIVE;
				GCC_WARN_UNUSED_FUNCTION = YES;
				GCC_WARN_UNUSED_VARIABLE = YES;
				IPHONEOS_DEPLOYMENT_TARGET = 13.5;
				MTL_ENABLE_DEBUG_INFO = NO;
				MTL_FAST_MATH = YES;
				SDKROOT = iphoneos;
				SWIFT_COMPILATION_MODE = wholemodule;
				SWIFT_OPTIMIZATION_LEVEL = "-O";
				VALIDATE_PRODUCT = YES;
			};
			name = Release;
		};
		3B0DFC1E2475CFEF00A51962 /* Debug */ = {
			isa = XCBuildConfiguration;
			baseConfigurationReference = 2E91347CD74D10952F14A5DF /* Pods-School.debug.xcconfig */;
			buildSettings = {
				ASSETCATALOG_COMPILER_APPICON_NAME = AppIcon;
				CODE_SIGN_STYLE = Automatic;
				DEVELOPMENT_TEAM = V5BCB9XF3G;
				INFOPLIST_FILE = School/Info.plist;
				IPHONEOS_DEPLOYMENT_TARGET = 13.5;
				LD_RUNPATH_SEARCH_PATHS = (
					"$(inherited)",
					"@executable_path/Frameworks",
				);
				PRODUCT_BUNDLE_IDENTIFIER = ru.dimadd.School;
				PRODUCT_NAME = "$(TARGET_NAME)";
				SWIFT_VERSION = 5.0;
				TARGETED_DEVICE_FAMILY = 1;
			};
			name = Debug;
		};
		3B0DFC1F2475CFEF00A51962 /* Release */ = {
			isa = XCBuildConfiguration;
			baseConfigurationReference = 848732CE6D3C60780982C946 /* Pods-School.release.xcconfig */;
			buildSettings = {
				ASSETCATALOG_COMPILER_APPICON_NAME = AppIcon;
				CODE_SIGN_STYLE = Automatic;
				DEVELOPMENT_TEAM = V5BCB9XF3G;
				INFOPLIST_FILE = School/Info.plist;
				IPHONEOS_DEPLOYMENT_TARGET = 13.5;
				LD_RUNPATH_SEARCH_PATHS = (
					"$(inherited)",
					"@executable_path/Frameworks",
				);
				PRODUCT_BUNDLE_IDENTIFIER = ru.dimadd.School;
				PRODUCT_NAME = "$(TARGET_NAME)";
				SWIFT_VERSION = 5.0;
				TARGETED_DEVICE_FAMILY = 1;
			};
			name = Release;
		};
/* End XCBuildConfiguration section */

/* Begin XCConfigurationList section */
		3B0DFC042475CFE800A51962 /* Build configuration list for PBXProject "School" */ = {
			isa = XCConfigurationList;
			buildConfigurations = (
				3B0DFC1B2475CFEF00A51962 /* Debug */,
				3B0DFC1C2475CFEF00A51962 /* Release */,
			);
			defaultConfigurationIsVisible = 0;
			defaultConfigurationName = Release;
		};
		3B0DFC1D2475CFEF00A51962 /* Build configuration list for PBXNativeTarget "School" */ = {
			isa = XCConfigurationList;
			buildConfigurations = (
				3B0DFC1E2475CFEF00A51962 /* Debug */,
				3B0DFC1F2475CFEF00A51962 /* Release */,
			);
			defaultConfigurationIsVisible = 0;
			defaultConfigurationName = Release;
		};
/* End XCConfigurationList section */
	};
	rootObject = 3B0DFC012475CFE800A51962 /* Project object */;
}
